
Microsoft Visual Studio Solution File, Format Version 12.00
# Visual Studio 15
VisualStudioVersion = 15.0.26124.0
MinimumVisualStudioVersion = 15.0.26124.0
Project("{FAE04EC0-301F-11D3-BF4B-00C04F79EFBC}") = "R5T.Polidea.Suebia.Construction", "R5T.Polidea.Suebia.Construction\R5T.Polidea.Suebia.Construction.csproj", "{ECEB45DF-9006-4494-8A8E-0219CA7F12F7}"
EndProject
Project("{FAE04EC0-301F-11D3-BF4B-00C04F79EFBC}") = "R5T.Polidea.Suebia", "R5T.Polidea.Suebia\R5T.Polidea.Suebia.csproj", "{45B6257D-CBF9-4A03-BF2A-426C74455967}"
EndProject
Project("{FAE04EC0-301F-11D3-BF4B-00C04F79EFBC}") = "R5T.Polidea.Suebia.Testing", "R5T.Polidea.Suebia.Testing\R5T.Polidea.Suebia.Testing.csproj", "{794FD481-D039-4644-B3CC-DDE18A208999}"
EndProject
Global
	GlobalSection(SolutionConfigurationPlatforms) = preSolution
		Debug|Any CPU = Debug|Any CPU
		Debug|x64 = Debug|x64
		Debug|x86 = Debug|x86
		Release|Any CPU = Release|Any CPU
		Release|x64 = Release|x64
		Release|x86 = Release|x86
	EndGlobalSection
	GlobalSection(SolutionProperties) = preSolution
		HideSolutionNode = FALSE
	EndGlobalSection
	GlobalSection(ProjectConfigurationPlatforms) = postSolution
		{ECEB45DF-9006-4494-8A8E-0219CA7F12F7}.Debug|Any CPU.ActiveCfg = Debug|Any CPU
		{ECEB45DF-9006-4494-8A8E-0219CA7F12F7}.Debug|Any CPU.Build.0 = Debug|Any CPU
		{ECEB45DF-9006-4494-8A8E-0219CA7F12F7}.Debug|x64.ActiveCfg = Debug|Any CPU
		{ECEB45DF-9006-4494-8A8E-0219CA7F12F7}.Debug|x64.Build.0 = Debug|Any CPU
		{ECEB45DF-9006-4494-8A8E-0219CA7F12F7}.Debug|x86.ActiveCfg = Debug|Any CPU
		{ECEB45DF-9006-4494-8A8E-0219CA7F12F7}.Debug|x86.Build.0 = Debug|Any CPU
		{ECEB45DF-9006-4494-8A8E-0219CA7F12F7}.Release|Any CPU.ActiveCfg = Release|Any CPU
		{ECEB45DF-9006-4494-8A8E-0219CA7F12F7}.Release|Any CPU.Build.0 = Release|Any CPU
		{ECEB45DF-9006-4494-8A8E-0219CA7F12F7}.Release|x64.ActiveCfg = Release|Any CPU
		{ECEB45DF-9006-4494-8A8E-0219CA7F12F7}.Release|x64.Build.0 = Release|Any CPU
		{ECEB45DF-9006-4494-8A8E-0219CA7F12F7}.Release|x86.ActiveCfg = Release|Any CPU
		{ECEB45DF-9006-4494-8A8E-0219CA7F12F7}.Release|x86.Build.0 = Release|Any CPU
		{45B6257D-CBF9-4A03-BF2A-426C74455967}.Debug|Any CPU.ActiveCfg = Debug|Any CPU
		{45B6257D-CBF9-4A03-BF2A-426C74455967}.Debug|Any CPU.Build.0 = Debug|Any CPU
		{45B6257D-CBF9-4A03-BF2A-426C74455967}.Debug|x64.ActiveCfg = Debug|Any CPU
		{45B6257D-CBF9-4A03-BF2A-426C74455967}.Debug|x64.Build.0 = Debug|Any CPU
		{45B6257D-CBF9-4A03-BF2A-426C74455967}.Debug|x86.ActiveCfg = Debug|Any CPU
		{45B6257D-CBF9-4A03-BF2A-426C74455967}.Debug|x86.Build.0 = Debug|Any CPU
		{45B6257D-CBF9-4A03-BF2A-426C74455967}.Release|Any CPU.ActiveCfg = Release|Any CPU
		{45B6257D-CBF9-4A03-BF2A-426C74455967}.Release|Any CPU.Build.0 = Release|Any CPU
		{45B6257D-CBF9-4A03-BF2A-426C74455967}.Release|x64.ActiveCfg = Release|Any CPU
		{45B6257D-CBF9-4A03-BF2A-426C74455967}.Release|x64.Build.0 = Release|Any CPU
		{45B6257D-CBF9-4A03-BF2A-426C74455967}.Release|x86.ActiveCfg = Release|Any CPU
		{45B6257D-CBF9-4A03-BF2A-426C74455967}.Release|x86.Build.0 = Release|Any CPU
		{794FD481-D039-4644-B3CC-DDE18A208999}.Debug|Any CPU.ActiveCfg = Debug|Any CPU
		{794FD481-D039-4644-B3CC-DDE18A208999}.Debug|Any CPU.Build.0 = Debug|Any CPU
		{794FD481-D039-4644-B3CC-DDE18A208999}.Debug|x64.ActiveCfg = Debug|Any CPU
		{794FD481-D039-4644-B3CC-DDE18A208999}.Debug|x64.Build.0 = Debug|Any CPU
		{794FD481-D039-4644-B3CC-DDE18A208999}.Debug|x86.ActiveCfg = Debug|Any CPU
		{794FD481-D039-4644-B3CC-DDE18A208999}.Debug|x86.Build.0 = Debug|Any CPU
		{794FD481-D039-4644-B3CC-DDE18A208999}.Release|Any CPU.ActiveCfg = Release|Any CPU
		{794FD481-D039-4644-B3CC-DDE18A208999}.Release|Any CPU.Build.0 = Release|Any CPU
		{794FD481-D039-4644-B3CC-DDE18A208999}.Release|x64.ActiveCfg = Release|Any CPU
		{794FD481-D039-4644-B3CC-DDE18A208999}.Release|x64.Build.0 = Release|Any CPU
		{794FD481-D039-4644-B3CC-DDE18A208999}.Release|x86.ActiveCfg = Release|Any CPU
		{794FD481-D039-4644-B3CC-DDE18A208999}.Release|x86.Build.0 = Release|Any CPU
	EndGlobalSection
EndGlobal
